// !$*UTF8*$!
{
	archiveVersion = 1;
	classes = {
	};
	objectVersion = 50;
	objects = {

/* Begin PBXBuildFile section */
		23BDBF872542A5480063C563 /* AppDelegate.swift in Sources */ = {isa = PBXBuildFile; fileRef = 23BDBF862542A5480063C563 /* AppDelegate.swift */; };
		23BDBF892542A5480063C563 /* SceneDelegate.swift in Sources */ = {isa = PBXBuildFile; fileRef = 23BDBF882542A5480063C563 /* SceneDelegate.swift */; };
		23BDBF8B2542A5480063C563 /* ViewController.swift in Sources */ = {isa = PBXBuildFile; fileRef = 23BDBF8A2542A5480063C563 /* ViewController.swift */; };
		23BDBF8E2542A5480063C563 /* Main.storyboard in Resources */ = {isa = PBXBuildFile; fileRef = 23BDBF8C2542A5480063C563 /* Main.storyboard */; };
		23BDBF902542A54A0063C563 /* Assets.xcassets in Resources */ = {isa = PBXBuildFile; fileRef = 23BDBF8F2542A54A0063C563 /* Assets.xcassets */; };
		23BDBF932542A54A0063C563 /* LaunchScreen.storyboard in Resources */ = {isa = PBXBuildFile; fileRef = 23BDBF912542A54A0063C563 /* LaunchScreen.storyboard */; };
		23BDBF9B2542C5170063C563 /* NewFeatureViewController.swift in Sources */ = {isa = PBXBuildFile; fileRef = 23BDBF9A2542C5170063C563 /* NewFeatureViewController.swift */; };
/* End PBXBuildFile section */

/* Begin PBXFileReference section */
		23BDBF832542A5480063C563 /* GithubPractice.app */ = {isa = PBXFileReference; explicitFileType = wrapper.application; includeInIndex = 0; path = GithubPractice.app; sourceTree = BUILT_PRODUCTS_DIR; };
		23BDBF862542A5480063C563 /* AppDelegate.swift */ = {isa = PBXFileReference; lastKnownFileType = sourcecode.swift; path = AppDelegate.swift; sourceTree = "<group>"; };
		23BDBF882542A5480063C563 /* SceneDelegate.swift */ = {isa = PBXFileReference; lastKnownFileType = sourcecode.swift; path = SceneDelegate.swift; sourceTree = "<group>"; };
		23BDBF8A2542A5480063C563 /* ViewController.swift */ = {isa = PBXFileReference; lastKnownFileType = sourcecode.swift; path = ViewController.swift; sourceTree = "<group>"; };
		23BDBF8D2542A5480063C563 /* Base */ = {isa = PBXFileReference; lastKnownFileType = file.storyboard; name = Base; path = Base.lproj/Main.storyboard; sourceTree = "<group>"; };
		23BDBF8F2542A54A0063C563 /* Assets.xcassets */ = {isa = PBXFileReference; lastKnownFileType = folder.assetcatalog; path = Assets.xcassets; sourceTree = "<group>"; };
		23BDBF922542A54A0063C563 /* Base */ = {isa = PBXFileReference; lastKnownFileType = file.storyboard; name = Base; path = Base.lproj/LaunchScreen.storyboard; sourceTree = "<group>"; };
		23BDBF942542A54A0063C563 /* Info.plist */ = {isa = PBXFileReference; lastKnownFileType = text.plist.xml; path = Info.plist; sourceTree = "<group>"; };
		23BDBF9A2542C5170063C563 /* NewFeatureViewController.swift */ = {isa = PBXFileReference; lastKnownFileType = sourcecode.swift; path = NewFeatureViewController.swift; sourceTree = "<group>"; };
/* End PBXFileReference section */

/* Begin PBXFrameworksBuildPhase section */
		23BDBF802542A5480063C563 /* Frameworks */ = {
			isa = PBXFrameworksBuildPhase;
			buildActionMask = 2147483647;
			files = (
			);
			runOnlyForDeploymentPostprocessing = 0;
		};
/* End PBXFrameworksBuildPhase section */

/* Begin PBXGroup section */
		23BDBF7A2542A5480063C563 = {
			isa = PBXGroup;
			children = (
				23BDBF852542A5480063C563 /* GithubPractice */,
				23BDBF842542A5480063C563 /* Products */,
			);
			sourceTree = "<group>";
		};
		23BDBF842542A5480063C563 /* Products */ = {
			isa = PBXGroup;
			children = (
				23BDBF832542A5480063C563 /* GithubPractice.app */,
			);
			name = Products;
			sourceTree = "<group>";
		};
		23BDBF852542A5480063C563 /* GithubPractice */ = {
			isa = PBXGroup;
			children = (
				23BDBF862542A5480063C563 /* AppDelegate.swift */,
				23BDBF882542A5480063C563 /* SceneDelegate.swift */,
				23BDBF8A2542A5480063C563 /* ViewController.swift */,
				23BDBF9A2542C5170063C563 /* NewFeatureViewController.swift */,
				23BDBF8C2542A5480063C563 /* Main.storyboard */,
				23BDBF8F2542A54A0063C563 /* Assets.xcassets */,
				23BDBF912542A54A0063C563 /* LaunchScreen.storyboard */,
				23BDBF942542A54A0063C563 /* Info.plist */,
			);
			path = GithubPractice;
			sourceTree = "<group>";
		};
/* End PBXGroup section */

/* Begin PBXNativeTarget section */
		23BDBF822542A5480063C563 /* GithubPractice */ = {
			isa = PBXNativeTarget;
			buildConfigurationList = 23BDBF972542A54A0063C563 /* Build configuration list for PBXNativeTarget "GithubPractice" */;
			buildPhases = (
				23BDBF7F2542A5480063C563 /* Sources */,
				23BDBF802542A5480063C563 /* Frameworks */,
				23BDBF812542A5480063C563 /* Resources */,
			);
			buildRules = (
			);
			dependencies = (
			);
			name = GithubPractice;
			productName = GithubPractice;
			productReference = 23BDBF832542A5480063C563 /* GithubPractice.app */;
			productType = "com.apple.product-type.application";
		};
/* End PBXNativeTarget section */

/* Begin PBXProject section */
		23BDBF7B2542A5480063C563 /* Project object */ = {
			isa = PBXProject;
			attributes = {
				LastSwiftUpdateCheck = 1100;
				LastUpgradeCheck = 1100;
				ORGANIZATIONNAME = "Vinayak Balaji Tuptewar";
				TargetAttributes = {
					23BDBF822542A5480063C563 = {
						CreatedOnToolsVersion = 11.0;
					};
				};
			};
			buildConfigurationList = 23BDBF7E2542A5480063C563 /* Build configuration list for PBXProject "GithubPractice" */;
			compatibilityVersion = "Xcode 9.3";
			developmentRegion = en;
			hasScannedForEncodings = 0;
			knownRegions = (
				en,
				Base,
			);
			mainGroup = 23BDBF7A2542A5480063C563;
			productRefGroup = 23BDBF842542A5480063C563 /* Products */;
			projectDirPath = "";
			projectRoot = "";
			targets = (
				23BDBF822542A5480063C563 /* GithubPractice */,
			);
		};
/* End PBXProject section */

/* Begin PBXResourcesBuildPhase section */
		23BDBF812542A5480063C563 /* Resources */ = {
			isa = PBXResourcesBuildPhase;
			buildActionMask = 2147483647;
			files = (
				23BDBF932542A54A0063C563 /* LaunchScreen.storyboard in Resources */,
				23BDBF902542A54A0063C563 /* Assets.xcassets in Resources */,
				23BDBF8E2542A5480063C563 /* Main.storyboard in Resources */,
			);
			runOnlyForDeploymentPostprocessing = 0;
		};
/* End PBXResourcesBuildPhase section */

/* Begin PBXSourcesBuildPhase section */
		23BDBF7F2542A5480063C563 /* Sources */ = {
			isa = PBXSourcesBuildPhase;
			buildActionMask = 2147483647;
			files = (
				23BDBF8B2542A5480063C563 /* ViewController.swift in Sources */,
				23BDBF872542A5480063C563 /* AppDelegate.swift in Sources */,
				23BDBF9B2542C5170063C563 /* NewFeatureViewController.swift in Sources */,
				23BDBF892542A5480063C563 /* SceneDelegate.swift in Sources */,
			);
			runOnlyForDeploymentPostprocessing = 0;
		};
/* End PBXSourcesBuildPhase section */

/* Begin PBXVariantGroup section */
		23BDBF8C2542A5480063C563 /* Main.storyboard */ = {
			isa = PBXVariantGroup;
			children = (
				23BDBF8D2542A5480063C563 /* Base */,
			);
			name = Main.storyboard;
			sourceTree = "<group>";
		};
		23BDBF912542A54A0063C563 /* LaunchScreen.storyboard */ = {
			isa = PBXVariantGroup;
			children = (
				23BDBF922542A54A0063C563 /* Base */,
			);
			name = LaunchScreen.storyboard;
			sourceTree = "<group>";
		};
/* End PBXVariantGroup section */

/* Begin XCBuildConfiguration section */
		23BDBF952542A54A0063C563 /* Debug */ = {
			isa = XCBuildConfiguration;
			buildSettings = {
				ALWAYS_SEARCH_USER_PATHS = NO;
				CLANG_ANALYZER_NONNULL = YES;
				CLANG_ANALYZER_NUMBER_OBJECT_CONVERSION = YES_AGGRESSIVE;
				CLANG_CXX_LANGUAGE_STANDARD = "gnu++14";
				CLANG_CXX_LIBRARY = "libc++";
				CLANG_ENABLE_MODULES = YES;
				CLANG_ENABLE_OBJC_ARC = YES;
				CLANG_ENABLE_OBJC_WEAK = YES;
				CLANG_WARN_BLOCK_CAPTURE_AUTORELEASING = YES;
				CLANG_WARN_BOOL_CONVERSION = YES;
				CLANG_WARN_COMMA = YES;
				CLANG_WARN_CONSTANT_CONVERSION = YES;
				CLANG_WARN_DEPRECATED_OBJC_IMPLEMENTATIONS = YES;
				CLANG_WARN_DIRECT_OBJC_ISA_USAGE = YES_ERROR;
				CLANG_WARN_DOCUMENTATION_COMMENTS = YES;
				CLANG_WARN_EMPTY_BODY = YES;
				CLANG_WARN_ENUM_CONVERSION = YES;
				CLANG_WARN_INFINITE_RECURSION = YES;
				CLANG_WARN_INT_CONVERSION = YES;
				CLANG_WARN_NON_LITERAL_NULL_CONVERSION = YES;
				CLANG_WARN_OBJC_IMPLICIT_RETAIN_SELF = YES;
				CLANG_WARN_OBJC_LITERAL_CONVERSION = YES;
				CLANG_WARN_OBJC_ROOT_CLASS = YES_ERROR;
				CLANG_WARN_RANGE_LOOP_ANALYSIS = YES;
				CLANG_WARN_STRICT_PROTOTYPES = YES;
				CLANG_WARN_SUSPICIOUS_MOVE = YES;
				CLANG_WARN_UNGUARDED_AVAILABILITY = YES_AGGRESSIVE;
				CLANG_WARN_UNREACHABLE_CODE = YES;
				CLANG_WARN__DUPLICATE_METHOD_MATCH = YES;
				COPY_PHASE_STRIP = NO;
				DEBUG_INFORMATION_FORMAT = dwarf;
				ENABLE_STRICT_OBJC_MSGSEND = YES;
				ENABLE_TESTABILITY = YES;
				GCC_C_LANGUAGE_STANDARD = gnu11;
				GCC_DYNAMIC_NO_PIC = NO;
				GCC_NO_COMMON_BLOCKS = YES;
				GCC_OPTIMIZATION_LEVEL = 0;
				GCC_PREPROCESSOR_DEFINITIONS = (
					"DEBUG=1",
					"$(inherited)",
				);
				GCC_WARN_64_TO_32_BIT_CONVERSION = YES;
				GCC_WARN_ABOUT_RETURN_TYPE = YES_ERROR;
				GCC_WARN_UNDECLARED_SELECTOR = YES;
				GCC_WARN_UNINITIALIZED_AUTOS = YES_AGGRESSIVE;
				GCC_WARN_UNUSED_FUNCTION = YES;
				GCC_WARN_UNUSED_VARIABLE = YES;
				IPHONEOS_DEPLOYMENT_TARGET = 13.0;
				MTL_ENABLE_DEBUG_INFO = INCLUDE_SOURCE;
				MTL_FAST_MATH = YES;
				ONLY_ACTIVE_ARCH = YES;
				SDKROOT = iphoneos;
				SWIFT_ACTIVE_COMPILATION_CONDITIONS = DEBUG;
				SWIFT_OPTIMIZATION_LEVEL = "-Onone";
			};
			name = Debug;
		};
		23BDBF962542A54A0063C563 /* Release */ = {
			isa = XCBuildConfiguration;
			buildSettings = {
				ALWAYS_SEARCH_USER_PATHS = NO;
				CLANG_ANALYZER_NONNULL = YES;
				CLANG_ANALYZER_NUMBER_OBJECT_CONVERSION = YES_AGGRESSIVE;
				CLANG_CXX_LANGUAGE_STANDARD = "gnu++14";
				CLANG_CXX_LIBRARY = "libc++";
				CLANG_ENABLE_MODULES = YES;
				CLANG_ENABLE_OBJC_ARC = YES;
				CLANG_ENABLE_OBJC_WEAK = YES;
				CLANG_WARN_BLOCK_CAPTURE_AUTORELEASING = YES;
				CLANG_WARN_BOOL_CONVERSION = YES;
				CLANG_WARN_COMMA = YES;
				CLANG_WARN_CONSTANT_CONVERSION = YES;
				CLANG_WARN_DEPRECATED_OBJC_IMPLEMENTATIONS = YES;
				CLANG_WARN_DIRECT_OBJC_ISA_USAGE = YES_ERROR;
				CLANG_WARN_DOCUMENTATION_COMMENTS = YES;
				CLANG_WARN_EMPTY_BODY = YES;
				CLANG_WARN_ENUM_CONVERSION = YES;
				CLANG_WARN_INFINITE_RECURSION = YES;
				CLANG_WARN_INT_CONVERSION = YES;
				CLANG_WARN_NON_LITERAL_NULL_CONVERSION = YES;
				CLANG_WARN_OBJC_IMPLICIT_RETAIN_SELF = YES;
				CLANG_WARN_OBJC_LITERAL_CONVERSION = YES;
				CLANG_WARN_OBJC_ROOT_CLASS = YES_ERROR;
				CLANG_WARN_RANGE_LOOP_ANALYSIS = YES;
				CLANG_WARN_STRICT_PROTOTYPES = YES;
				CLANG_WARN_SUSPICIOUS_MOVE = YES;
				CLANG_WARN_UNGUARDED_AVAILABILITY = YES_AGGRESSIVE;
				CLANG_WARN_UNREACHABLE_CODE = YES;
				CLANG_WARN__DUPLICATE_METHOD_MATCH = YES;
				COPY_PHASE_STRIP = NO;
				DEBUG_INFORMATION_FORMAT = "dwarf-with-dsym";
				ENABLE_NS_ASSERTIONS = NO;
				ENABLE_STRICT_OBJC_MSGSEND = YES;
				GCC_C_LANGUAGE_STANDARD = gnu11;
				GCC_NO_COMMON_BLOCKS = YES;
				GCC_WARN_64_TO_32_BIT_CONVERSION = YES;
				GCC_WARN_ABOUT_RETURN_TYPE = YES_ERROR;
				GCC_WARN_UNDECLARED_SELECTOR = YES;
				GCC_WARN_UNINITIALIZED_AUTOS = YES_AGGRESSIVE;
				GCC_WARN_UNUSED_FUNCTION = YES;
				GCC_WARN_UNUSED_VARIABLE = YES;
				IPHONEOS_DEPLOYMENT_TARGET = 13.0;
				MTL_ENABLE_DEBUG_INFO = NO;
				MTL_FAST_MATH = YES;
				SDKROOT = iphoneos;
				SWIFT_COMPILATION_MODE = wholemodule;
				SWIFT_OPTIMIZATION_LEVEL = "-O";
				VALIDATE_PRODUCT = YES;
			};
			name = Release;
		};
		23BDBF982542A54A0063C563 /* Debug */ = {
			isa = XCBuildConfiguration;
			buildSettings = {
				ASSETCATALOG_COMPILER_APPICON_NAME = AppIcon;
				CODE_SIGN_STYLE = Automatic;
				INFOPLIST_FILE = GithubPractice/Info.plist;
				LD_RUNPATH_SEARCH_PATHS = (
					"$(inherited)",
					"@executable_path/Frameworks",
				);
				PRODUCT_BUNDLE_IDENTIFIER = "com.tuptewar7-.GithubPractice";
				PRODUCT_NAME = "$(TARGET_NAME)";
				SWIFT_VERSION = 5.0;
				TARGETED_DEVICE_FAMILY = "1,2";
			};
			name = Debug;
		};
		23BDBF992542A54A0063C563 /* Release */ = {
			isa = XCBuildConfiguration;
			buildSettings = {
				ASSETCATALOG_COMPILER_APPICON_NAME = AppIcon;
				CODE_SIGN_STYLE = Automatic;
				INFOPLIST_FILE = GithubPractice/Info.plist;
				LD_RUNPATH_SEARCH_PATHS = (
					"$(inherited)",
					"@executable_path/Frameworks",
				);
				PRODUCT_BUNDLE_IDENTIFIER = "com.tuptewar7-.GithubPractice";
				PRODUCT_NAME = "$(TARGET_NAME)";
				SWIFT_VERSION = 5.0;
				TARGETED_DEVICE_FAMILY = "1,2";
			};
			name = Release;
		};
/* End XCBuildConfiguration section */

/* Begin XCConfigurationList section */
		23BDBF7E2542A5480063C563 /* Build configuration list for PBXProject "GithubPractice" */ = {
			isa = XCConfigurationList;
			buildConfigurations = (
				23BDBF952542A54A0063C563 /* Debug */,
				23BDBF962542A54A0063C563 /* Release */,
			);
			defaultConfigurationIsVisible = 0;
			defaultConfigurationName = Release;
		};
		23BDBF972542A54A0063C563 /* Build configuration list for PBXNativeTarget "GithubPractice" */ = {
			isa = XCConfigurationList;
			buildConfigurations = (
				23BDBF982542A54A0063C563 /* Debug */,
				23BDBF992542A54A0063C563 /* Release */,
			);
			defaultConfigurationIsVisible = 0;
			defaultConfigurationName = Release;
		};
/* End XCConfigurationList section */
	};
	rootObject = 23BDBF7B2542A5480063C563 /* Project object */;
}
